
Microsoft Visual Studio Solution File, Format Version 12.00
# Visual Studio 15
VisualStudioVersion = 15.0.27130.2026
MinimumVisualStudioVersion = 10.0.40219.1
Project("{9A19103F-16F7-4668-BE54-9A1E7A4F7556}") = "FridgeServer", "FridgeServer\FridgeServer.csproj", "{FA616506-2C23-4C3B-B499-5A85E1E683D9}"
EndProject
Project("{9A19103F-16F7-4668-BE54-9A1E7A4F7556}") = "CoreUserIdentity", "..\..\core-users-identity\CoreUserIdentity\CoreUserIdentity\CoreUserIdentity.csproj", "{2CECCE38-17B5-4D80-A04B-61E8B1103A0D}"
EndProject
Global
	GlobalSection(SolutionConfigurationPlatforms) = preSolution
		Debug|Any CPU = Debug|Any CPU
		Release|Any CPU = Release|Any CPU
	EndGlobalSection
	GlobalSection(ProjectConfigurationPlatforms) = postSolution
		{FA616506-2C23-4C3B-B499-5A85E1E683D9}.Debug|Any CPU.ActiveCfg = Debug|Any CPU
		{FA616506-2C23-4C3B-B499-5A85E1E683D9}.Debug|Any CPU.Build.0 = Debug|Any CPU
		{FA616506-2C23-4C3B-B499-5A85E1E683D9}.Release|Any CPU.ActiveCfg = Release|Any CPU
		{FA616506-2C23-4C3B-B499-5A85E1E683D9}.Release|Any CPU.Build.0 = Release|Any CPU
		{2CECCE38-17B5-4D80-A04B-61E8B1103A0D}.Debug|Any CPU.ActiveCfg = Debug|Any CPU
		{2CECCE38-17B5-4D80-A04B-61E8B1103A0D}.Debug|Any CPU.Build.0 = Debug|Any CPU
		{2CECCE38-17B5-4D80-A04B-61E8B1103A0D}.Release|Any CPU.ActiveCfg = Release|Any CPU
		{2CECCE38-17B5-4D80-A04B-61E8B1103A0D}.Release|Any CPU.Build.0 = Release|Any CPU
	EndGlobalSection
	GlobalSection(SolutionProperties) = preSolution
		HideSolutionNode = FALSE
	EndGlobalSection
	GlobalSection(ExtensibilityGlobals) = postSolution
		SolutionGuid = {8C8FFF88-7554-4DB3-9848-5A80A3155E0C}
	EndGlobalSection
EndGlobal
